
Microsoft Visual Studio Solution File, Format Version 12.00
# Visual Studio Version 17
VisualStudioVersion = 17.0.32112.339
MinimumVisualStudioVersion = 10.0.40219.1
Project("{FAE04EC0-301F-11D3-BF4B-00C04F79EFBC}") = "WindowsFormsApp1", "WindowsFormsApp1\WindowsFormsApp1.csproj", "{DCA952D7-4BBE-452C-AFBD-7AE48CFB52F6}"
EndProject
Global
	GlobalSection(SolutionConfigurationPlatforms) = preSolution
		Debug|Any CPU = Debug|Any CPU
		Release|Any CPU = Release|Any CPU
	EndGlobalSection
	GlobalSection(ProjectConfigurationPlatforms) = postSolution
		{DCA952D7-4BBE-452C-AFBD-7AE48CFB52F6}.Debug|Any CPU.ActiveCfg = Debug|Any CPU
		{DCA952D7-4BBE-452C-AFBD-7AE48CFB52F6}.Debug|Any CPU.Build.0 = Debug|Any CPU
		{DCA952D7-4BBE-452C-AFBD-7AE48CFB52F6}.Release|Any CPU.ActiveCfg = Release|Any CPU
		{DCA952D7-4BBE-452C-AFBD-7AE48CFB52F6}.Release|Any CPU.Build.0 = Release|Any CPU
	EndGlobalSection
	GlobalSection(SolutionProperties) = preSolution
		HideSolutionNode = FALSE
	EndGlobalSection
	GlobalSection(ExtensibilityGlobals) = postSolution
		SolutionGuid = {0290C93E-CDEB-4729-B348-02A7CC7ACBC5}
	EndGlobalSection
EndGlobal
